Microsoft Visual Studio Solution File, Format Version 12.00
# Visual Studio 15
VisualStudioVersion = 15.0.28307.329
MinimumVisualStudioVersion = 10.0.40219.1
Project("{FAE04EC0-301F-11D3-BF4B-00C04F79EFBC}") = "FFTWSharp_test", "FFTWtest\FFTWSharp_test.csproj", "{DA20704B-23A7-41A4-B4E2-174A0FED5F3D}"
	ProjectSection(ProjectDependencies) = postProject
		{BEA875B8-E28A-49C5-8E7E-6512DA65F7E1} = {BEA875B8-E28A-49C5-8E7E-6512DA65F7E1}
	EndProjectSection
EndProject
Project("{FAE04EC0-301F-11D3-BF4B-00C04F79EFBC}") = "FFTWSharp", "FFTWSharp\FFTWSharp.csproj", "{BEA875B8-E28A-49C5-8E7E-6512DA65F7E1}"
EndProject
Project("{2150E333-8FDC-42A3-9474-1A3956D46DE8}") = "Solutions", "Solutions", "{0485C716-0CD9-4AA5-81F8-F7C023213A7D}"
	ProjectSection(SolutionItems) = preProject
		FFTWSharp\FFTWSharp.nuspec = FFTWSharp\FFTWSharp.nuspec
		FFTWSharp\paket.dependencies = FFTWSharp\paket.dependencies
		FFTWSharp\paket.lock = FFTWSharp\paket.lock
	EndProjectSection
EndProject
Project("{2150E333-8FDC-42A3-9474-1A3956D46DE8}") = "FFTW", "FFTW", "{D9214F41-E249-4223-AB81-983830A04C34}"
	ProjectSection(SolutionItems) = preProject
		FFTW\libfftw3-3.dll = FFTW\libfftw3-3.dll
		FFTW\libfftw3f-3.dll = FFTW\libfftw3f-3.dll
		FFTW\libfftw3l-3.dll = FFTW\libfftw3l-3.dll
	EndProjectSection
EndProject
Global
	GlobalSection(SolutionConfigurationPlatforms) = preSolution
		Debug|Any CPU = Debug|Any CPU
		Debug|Mixed Platforms = Debug|Mixed Platforms
		Debug|x86 = Debug|x86
		Release|Any CPU = Release|Any CPU
		Release|Mixed Platforms = Release|Mixed Platforms
		Release|x86 = Release|x86
	EndGlobalSection
	GlobalSection(ProjectConfigurationPlatforms) = postSolution
		{DA20704B-23A7-41A4-B4E2-174A0FED5F3D}.Debug|Any CPU.ActiveCfg = Debug|x86
		{DA20704B-23A7-41A4-B4E2-174A0FED5F3D}.Debug|Mixed Platforms.ActiveCfg = Debug|x86
		{DA20704B-23A7-41A4-B4E2-174A0FED5F3D}.Debug|Mixed Platforms.Build.0 = Debug|x86
		{DA20704B-23A7-41A4-B4E2-174A0FED5F3D}.Debug|x86.ActiveCfg = Debug|x86
		{DA20704B-23A7-41A4-B4E2-174A0FED5F3D}.Debug|x86.Build.0 = Debug|x86
		{DA20704B-23A7-41A4-B4E2-174A0FED5F3D}.Release|Any CPU.ActiveCfg = Release|x86
		{DA20704B-23A7-41A4-B4E2-174A0FED5F3D}.Release|Mixed Platforms.ActiveCfg = Release|x86
		{DA20704B-23A7-41A4-B4E2-174A0FED5F3D}.Release|Mixed Platforms.Build.0 = Release|x86
		{DA20704B-23A7-41A4-B4E2-174A0FED5F3D}.Release|x86.ActiveCfg = Release|x86
		{DA20704B-23A7-41A4-B4E2-174A0FED5F3D}.Release|x86.Build.0 = Release|x86
		{BEA875B8-E28A-49C5-8E7E-6512DA65F7E1}.Debug|Any CPU.ActiveCfg = Debug|Any CPU
		{BEA875B8-E28A-49C5-8E7E-6512DA65F7E1}.Debug|Any CPU.Build.0 = Debug|Any CPU
		{BEA875B8-E28A-49C5-8E7E-6512DA65F7E1}.Debug|Mixed Platforms.ActiveCfg = Debug|Any CPU
		{BEA875B8-E28A-49C5-8E7E-6512DA65F7E1}.Debug|Mixed Platforms.Build.0 = Debug|Any CPU
		{BEA875B8-E28A-49C5-8E7E-6512DA65F7E1}.Debug|x86.ActiveCfg = Debug|Any CPU
		{BEA875B8-E28A-49C5-8E7E-6512DA65F7E1}.Release|Any CPU.ActiveCfg = Release|Any CPU
		{BEA875B8-E28A-49C5-8E7E-6512DA65F7E1}.Release|Any CPU.Build.0 = Release|Any CPU
		{BEA875B8-E28A-49C5-8E7E-6512DA65F7E1}.Release|Mixed Platforms.ActiveCfg = Release|Any CPU
		{BEA875B8-E28A-49C5-8E7E-6512DA65F7E1}.Release|Mixed Platforms.Build.0 = Release|Any CPU
		{BEA875B8-E28A-49C5-8E7E-6512DA65F7E1}.Release|x86.ActiveCfg = Release|Any CPU
	EndGlobalSection
	GlobalSection(SolutionProperties) = preSolution
		HideSolutionNode = FALSE
	EndGlobalSection
	GlobalSection(ExtensibilityGlobals) = postSolution
		SolutionGuid = {0BB2669A-690B-4884-9329-E293534882D7}
	EndGlobalSection
EndGlobal
